
Microsoft Visual Studio Solution File, Format Version 12.00
# Visual Studio Version 16
VisualStudioVersion = 16.0.30804.86
MinimumVisualStudioVersion = 10.0.40219.1
Project("{888888A0-9F3D-457C-B088-3A5042F75D52}") = "crud", "crud.pyproj", "{DFDE72FB-8055-4DA4-94CF-89072CE5B10A}"
EndProject
Global
	GlobalSection(SolutionConfigurationPlatforms) = preSolution
		Debug|Any CPU = Debug|Any CPU
		Release|Any CPU = Release|Any CPU
	EndGlobalSection
	GlobalSection(ProjectConfigurationPlatforms) = postSolution
		{DFDE72FB-8055-4DA4-94CF-89072CE5B10A}.Debug|Any CPU.ActiveCfg = Debug|Any CPU
		{DFDE72FB-8055-4DA4-94CF-89072CE5B10A}.Debug|Any CPU.Build.0 = Debug|Any CPU
		{DFDE72FB-8055-4DA4-94CF-89072CE5B10A}.Release|Any CPU.ActiveCfg = Release|Any CPU
		{DFDE72FB-8055-4DA4-94CF-89072CE5B10A}.Release|Any CPU.Build.0 = Release|Any CPU
	EndGlobalSection
	GlobalSection(SolutionProperties) = preSolution
		HideSolutionNode = FALSE
	EndGlobalSection
	GlobalSection(ExtensibilityGlobals) = postSolution
		SolutionGuid = {986588F7-49BC-4A80-A2DC-0E94535C7051}
	EndGlobalSection
EndGlobal
